
Microsoft Visual Studio Solution File, Format Version 12.00
# Visual Studio Version 17
VisualStudioVersion = 17.11.35312.102
MinimumVisualStudioVersion = 10.0.40219.1
Project("{FAE04EC0-301F-11D3-BF4B-00C04F79EFBC}") = "MoviesApi", "MoviesApi\MoviesApi.csproj", "{0A938EED-05C1-46E4-B4D3-1B914535AABE}"
EndProject
Global
	GlobalSection(SolutionConfigurationPlatforms) = preSolution
		Debug|Any CPU = Debug|Any CPU
		Release|Any CPU = Release|Any CPU
	EndGlobalSection
	GlobalSection(ProjectConfigurationPlatforms) = postSolution
		{0A938EED-05C1-46E4-B4D3-1B914535AABE}.Debug|Any CPU.ActiveCfg = Debug|Any CPU
		{0A938EED-05C1-46E4-B4D3-1B914535AABE}.Debug|Any CPU.Build.0 = Debug|Any CPU
		{0A938EED-05C1-46E4-B4D3-1B914535AABE}.Release|Any CPU.ActiveCfg = Release|Any CPU
		{0A938EED-05C1-46E4-B4D3-1B914535AABE}.Release|Any CPU.Build.0 = Release|Any CPU
	EndGlobalSection
	GlobalSection(SolutionProperties) = preSolution
		HideSolutionNode = FALSE
	EndGlobalSection
	GlobalSection(ExtensibilityGlobals) = postSolution
		SolutionGuid = {B9012676-4C79-4AC4-8717-05BA00628235}
	EndGlobalSection
EndGlobal
